# This file is automatically @generated by Cargo.
# It is not intended for manual editing.
version = 4

[[package]]
name = "aoc"
version = "0.1.0"
dependencies = [
 "pepser",
]

[[package]]
name = "pepser"
version = "0.1.0"
source = "git+https://github.com/paul-vautier/rust-parser.git#3133a414f9a351fdf67b6fc4aa199a81d29bd8c2"
