# This file is automatically @generated by Cargo.
# It is not intended for manual editing.
version = 4

[[package]]
name = "aoc"
version = "0.1.0"
dependencies = [
 "pepser",
]

[[package]]
name = "pepser"
version = "0.1.0"
source = "git+https://github.com/paul-vautier/rust-parser.git#3124437c7cf413e9406531b42e1de55ec02c5f6f"
